// !$*UTF8*$!
{
	archiveVersion = 1;
	classes = {
	};
	objectVersion = 56;
	objects = {

/* Begin PBXBuildFile section */
		CEB7CF632BCE2CE30038BD60 /* FoodMaker.swift in Sources */ = {isa = PBXBuildFile; fileRef = CEB7CF622BCE2CE30038BD60 /* FoodMaker.swift */; };
		CEB7CF652BCE2CE30038BD60 /* ContentView.swift in Sources */ = {isa = PBXBuildFile; fileRef = CEB7CF642BCE2CE30038BD60 /* ContentView.swift */; };
		CEB7CF672BCE2CE40038BD60 /* Assets.xcassets in Resources */ = {isa = PBXBuildFile; fileRef = CEB7CF662BCE2CE40038BD60 /* Assets.xcassets */; };
		CEB7CF6A2BCE2CE40038BD60 /* Preview Assets.xcassets in Resources */ = {isa = PBXBuildFile; fileRef = CEB7CF692BCE2CE40038BD60 /* Preview Assets.xcassets */; };
		CEB7CF722BCE2E7A0038BD60 /* Food.swift in Sources */ = {isa = PBXBuildFile; fileRef = CEB7CF712BCE2E7A0038BD60 /* Food.swift */; };
		CEB7CF772BCE35F30038BD60 /* FoodCard.swift in Sources */ = {isa = PBXBuildFile; fileRef = CEB7CF762BCE35F30038BD60 /* FoodCard.swift */; };
		CEB7CF7A2BCE4F020038BD60 /* ImageHeader.swift in Sources */ = {isa = PBXBuildFile; fileRef = CEB7CF792BCE4F020038BD60 /* ImageHeader.swift */; };
		CEB7CF7C2BCE4FEE0038BD60 /* FoodHeader.swift in Sources */ = {isa = PBXBuildFile; fileRef = CEB7CF7B2BCE4FEE0038BD60 /* FoodHeader.swift */; };
		CEB7CF7E2BCE56710038BD60 /* FoodCardHorizontal.swift in Sources */ = {isa = PBXBuildFile; fileRef = CEB7CF7D2BCE56710038BD60 /* FoodCardHorizontal.swift */; };
/* End PBXBuildFile section */

/* Begin PBXFileReference section */
		CEB7CF5F2BCE2CE30038BD60 /* FoodApp.app */ = {isa = PBXFileReference; explicitFileType = wrapper.application; includeInIndex = 0; path = FoodApp.app; sourceTree = BUILT_PRODUCTS_DIR; };
		CEB7CF622BCE2CE30038BD60 /* FoodMaker.swift */ = {isa = PBXFileReference; lastKnownFileType = sourcecode.swift; path = FoodMaker.swift; sourceTree = "<group>"; };
		CEB7CF642BCE2CE30038BD60 /* ContentView.swift */ = {isa = PBXFileReference; lastKnownFileType = sourcecode.swift; path = ContentView.swift; sourceTree = "<group>"; };
		CEB7CF662BCE2CE40038BD60 /* Assets.xcassets */ = {isa = PBXFileReference; lastKnownFileType = folder.assetcatalog; path = Assets.xcassets; sourceTree = "<group>"; };
		CEB7CF692BCE2CE40038BD60 /* Preview Assets.xcassets */ = {isa = PBXFileReference; lastKnownFileType = folder.assetcatalog; path = "Preview Assets.xcassets"; sourceTree = "<group>"; };
		CEB7CF712BCE2E7A0038BD60 /* Food.swift */ = {isa = PBXFileReference; lastKnownFileType = sourcecode.swift; path = Food.swift; sourceTree = "<group>"; };
		CEB7CF762BCE35F30038BD60 /* FoodCard.swift */ = {isa = PBXFileReference; lastKnownFileType = sourcecode.swift; path = FoodCard.swift; sourceTree = "<group>"; };
		CEB7CF792BCE4F020038BD60 /* ImageHeader.swift */ = {isa = PBXFileReference; lastKnownFileType = sourcecode.swift; path = ImageHeader.swift; sourceTree = "<group>"; };
		CEB7CF7B2BCE4FEE0038BD60 /* FoodHeader.swift */ = {isa = PBXFileReference; lastKnownFileType = sourcecode.swift; path = FoodHeader.swift; sourceTree = "<group>"; };
		CEB7CF7D2BCE56710038BD60 /* FoodCardHorizontal.swift */ = {isa = PBXFileReference; lastKnownFileType = sourcecode.swift; path = FoodCardHorizontal.swift; sourceTree = "<group>"; };
/* End PBXFileReference section */

/* Begin PBXFrameworksBuildPhase section */
		CEB7CF5C2BCE2CE30038BD60 /* Frameworks */ = {
			isa = PBXFrameworksBuildPhase;
			buildActionMask = 2147483647;
			files = (
			);
			runOnlyForDeploymentPostprocessing = 0;
		};
/* End PBXFrameworksBuildPhase section */

/* Begin PBXGroup section */
		CEB7CF562BCE2CE30038BD60 = {
			isa = PBXGroup;
			children = (
				CEB7CF612BCE2CE30038BD60 /* FoodApp */,
				CEB7CF602BCE2CE30038BD60 /* Products */,
			);
			sourceTree = "<group>";
		};
		CEB7CF602BCE2CE30038BD60 /* Products */ = {
			isa = PBXGroup;
			children = (
				CEB7CF5F2BCE2CE30038BD60 /* FoodApp.app */,
			);
			name = Products;
			sourceTree = "<group>";
		};
		CEB7CF612BCE2CE30038BD60 /* FoodApp */ = {
			isa = PBXGroup;
			children = (
				CEB7CF702BCE2E470038BD60 /* Model */,
				CEB7CF742BCE359F0038BD60 /* App */,
				CEB7CF732BCE355F0038BD60 /* View */,
				CEB7CF752BCE35AD0038BD60 /* Resources */,
				CEB7CF682BCE2CE40038BD60 /* Preview Content */,
			);
			path = FoodApp;
			sourceTree = "<group>";
		};
		CEB7CF682BCE2CE40038BD60 /* Preview Content */ = {
			isa = PBXGroup;
			children = (
				CEB7CF692BCE2CE40038BD60 /* Preview Assets.xcassets */,
			);
			path = "Preview Content";
			sourceTree = "<group>";
		};
		CEB7CF702BCE2E470038BD60 /* Model */ = {
			isa = PBXGroup;
			children = (
				CEB7CF712BCE2E7A0038BD60 /* Food.swift */,
			);
			path = Model;
			sourceTree = "<group>";
		};
		CEB7CF732BCE355F0038BD60 /* View */ = {
			isa = PBXGroup;
			children = (
				CEB7CF782BCE4EA40038BD60 /* Component */,
				CEB7CF642BCE2CE30038BD60 /* ContentView.swift */,
				CEB7CF762BCE35F30038BD60 /* FoodCard.swift */,
				CEB7CF7D2BCE56710038BD60 /* FoodCardHorizontal.swift */,
			);
			path = View;
			sourceTree = "<group>";
		};
		CEB7CF742BCE359F0038BD60 /* App */ = {
			isa = PBXGroup;
			children = (
				CEB7CF622BCE2CE30038BD60 /* FoodMaker.swift */,
			);
			path = App;
			sourceTree = "<group>";
		};
		CEB7CF752BCE35AD0038BD60 /* Resources */ = {
			isa = PBXGroup;
			children = (
				CEB7CF662BCE2CE40038BD60 /* Assets.xcassets */,
			);
			path = Resources;
			sourceTree = "<group>";
		};
		CEB7CF782BCE4EA40038BD60 /* Component */ = {
			isa = PBXGroup;
			children = (
				CEB7CF792BCE4F020038BD60 /* ImageHeader.swift */,
				CEB7CF7B2BCE4FEE0038BD60 /* FoodHeader.swift */,
			);
			path = Component;
			sourceTree = "<group>";
		};
/* End PBXGroup section */

/* Begin PBXNativeTarget section */
		CEB7CF5E2BCE2CE30038BD60 /* FoodApp */ = {
			isa = PBXNativeTarget;
			buildConfigurationList = CEB7CF6D2BCE2CE40038BD60 /* Build configuration list for PBXNativeTarget "FoodApp" */;
			buildPhases = (
				CEB7CF5B2BCE2CE30038BD60 /* Sources */,
				CEB7CF5C2BCE2CE30038BD60 /* Frameworks */,
				CEB7CF5D2BCE2CE30038BD60 /* Resources */,
			);
			buildRules = (
			);
			dependencies = (
			);
			name = FoodApp;
			productName = FoodApp;
			productReference = CEB7CF5F2BCE2CE30038BD60 /* FoodApp.app */;
			productType = "com.apple.product-type.application";
		};
/* End PBXNativeTarget section */

/* Begin PBXProject section */
		CEB7CF572BCE2CE30038BD60 /* Project object */ = {
			isa = PBXProject;
			attributes = {
				BuildIndependentTargetsInParallel = 1;
				LastSwiftUpdateCheck = 1530;
				LastUpgradeCheck = 1530;
				TargetAttributes = {
					CEB7CF5E2BCE2CE30038BD60 = {
						CreatedOnToolsVersion = 15.3;
					};
				};
			};
			buildConfigurationList = CEB7CF5A2BCE2CE30038BD60 /* Build configuration list for PBXProject "FoodApp" */;
			compatibilityVersion = "Xcode 14.0";
			developmentRegion = en;
			hasScannedForEncodings = 0;
			knownRegions = (
				en,
				Base,
			);
			mainGroup = CEB7CF562BCE2CE30038BD60;
			productRefGroup = CEB7CF602BCE2CE30038BD60 /* Products */;
			projectDirPath = "";
			projectRoot = "";
			targets = (
				CEB7CF5E2BCE2CE30038BD60 /* FoodApp */,
			);
		};
/* End PBXProject section */

/* Begin PBXResourcesBuildPhase section */
		CEB7CF5D2BCE2CE30038BD60 /* Resources */ = {
			isa = PBXResourcesBuildPhase;
			buildActionMask = 2147483647;
			files = (
				CEB7CF6A2BCE2CE40038BD60 /* Preview Assets.xcassets in Resources */,
				CEB7CF672BCE2CE40038BD60 /* Assets.xcassets in Resources */,
			);
			runOnlyForDeploymentPostprocessing = 0;
		};
/* End PBXResourcesBuildPhase section */

/* Begin PBXSourcesBuildPhase section */
		CEB7CF5B2BCE2CE30038BD60 /* Sources */ = {
			isa = PBXSourcesBuildPhase;
			buildActionMask = 2147483647;
			files = (
				CEB7CF7E2BCE56710038BD60 /* FoodCardHorizontal.swift in Sources */,
				CEB7CF7C2BCE4FEE0038BD60 /* FoodHeader.swift in Sources */,
				CEB7CF652BCE2CE30038BD60 /* ContentView.swift in Sources */,
				CEB7CF7A2BCE4F020038BD60 /* ImageHeader.swift in Sources */,
				CEB7CF632BCE2CE30038BD60 /* FoodMaker.swift in Sources */,
				CEB7CF722BCE2E7A0038BD60 /* Food.swift in Sources */,
				CEB7CF772BCE35F30038BD60 /* FoodCard.swift in Sources */,
			);
			runOnlyForDeploymentPostprocessing = 0;
		};
/* End PBXSourcesBuildPhase section */

/* Begin XCBuildConfiguration section */
		CEB7CF6B2BCE2CE40038BD60 /* Debug */ = {
			isa = XCBuildConfiguration;
			buildSettings = {
				ALWAYS_SEARCH_USER_PATHS = NO;
				ASSETCATALOG_COMPILER_GENERATE_SWIFT_ASSET_SYMBOL_EXTENSIONS = YES;
				CLANG_ANALYZER_NONNULL = YES;
				CLANG_ANALYZER_NUMBER_OBJECT_CONVERSION = YES_AGGRESSIVE;
				CLANG_CXX_LANGUAGE_STANDARD = "gnu++20";
				CLANG_ENABLE_MODULES = YES;
				CLANG_ENABLE_OBJC_ARC = YES;
				CLANG_ENABLE_OBJC_WEAK = YES;
				CLANG_WARN_BLOCK_CAPTURE_AUTORELEASING = YES;
				CLANG_WARN_BOOL_CONVERSION = YES;
				CLANG_WARN_COMMA = YES;
				CLANG_WARN_CONSTANT_CONVERSION = YES;
				CLANG_WARN_DEPRECATED_OBJC_IMPLEMENTATIONS = YES;
				CLANG_WARN_DIRECT_OBJC_ISA_USAGE = YES_ERROR;
				CLANG_WARN_DOCUMENTATION_COMMENTS = YES;
				CLANG_WARN_EMPTY_BODY = YES;
				CLANG_WARN_ENUM_CONVERSION = YES;
				CLANG_WARN_INFINITE_RECURSION = YES;
				CLANG_WARN_INT_CONVERSION = YES;
				CLANG_WARN_NON_LITERAL_NULL_CONVERSION = YES;
				CLANG_WARN_OBJC_IMPLICIT_RETAIN_SELF = YES;
				CLANG_WARN_OBJC_LITERAL_CONVERSION = YES;
				CLANG_WARN_OBJC_ROOT_CLASS = YES_ERROR;
				CLANG_WARN_QUOTED_INCLUDE_IN_FRAMEWORK_HEADER = YES;
				CLANG_WARN_RANGE_LOOP_ANALYSIS = YES;
				CLANG_WARN_STRICT_PROTOTYPES = YES;
				CLANG_WARN_SUSPICIOUS_MOVE = YES;
				CLANG_WARN_UNGUARDED_AVAILABILITY = YES_AGGRESSIVE;
				CLANG_WARN_UNREACHABLE_CODE = YES;
				CLANG_WARN__DUPLICATE_METHOD_MATCH = YES;
				COPY_PHASE_STRIP = NO;
				DEBUG_INFORMATION_FORMAT = dwarf;
				ENABLE_STRICT_OBJC_MSGSEND = YES;
				ENABLE_TESTABILITY = YES;
				ENABLE_USER_SCRIPT_SANDBOXING = YES;
				GCC_C_LANGUAGE_STANDARD = gnu17;
				GCC_DYNAMIC_NO_PIC = NO;
				GCC_NO_COMMON_BLOCKS = YES;
				GCC_OPTIMIZATION_LEVEL = 0;
				GCC_PREPROCESSOR_DEFINITIONS = (
					"DEBUG=1",
					"$(inherited)",
				);
				GCC_WARN_64_TO_32_BIT_CONVERSION = YES;
				GCC_WARN_ABOUT_RETURN_TYPE = YES_ERROR;
				GCC_WARN_UNDECLARED_SELECTOR = YES;
				GCC_WARN_UNINITIALIZED_AUTOS = YES_AGGRESSIVE;
				GCC_WARN_UNUSED_FUNCTION = YES;
				GCC_WARN_UNUSED_VARIABLE = YES;
				IPHONEOS_DEPLOYMENT_TARGET = 17.4;
				LOCALIZATION_PREFERS_STRING_CATALOGS = YES;
				MTL_ENABLE_DEBUG_INFO = INCLUDE_SOURCE;
				MTL_FAST_MATH = YES;
				ONLY_ACTIVE_ARCH = YES;
				SDKROOT = iphoneos;
				SWIFT_ACTIVE_COMPILATION_CONDITIONS = "DEBUG $(inherited)";
				SWIFT_OPTIMIZATION_LEVEL = "-Onone";
			};
			name = Debug;
		};
		CEB7CF6C2BCE2CE40038BD60 /* Release */ = {
			isa = XCBuildConfiguration;
			buildSettings = {
				ALWAYS_SEARCH_USER_PATHS = NO;
				ASSETCATALOG_COMPILER_GENERATE_SWIFT_ASSET_SYMBOL_EXTENSIONS = YES;
				CLANG_ANALYZER_NONNULL = YES;
				CLANG_ANALYZER_NUMBER_OBJECT_CONVERSION = YES_AGGRESSIVE;
				CLANG_CXX_LANGUAGE_STANDARD = "gnu++20";
				CLANG_ENABLE_MODULES = YES;
				CLANG_ENABLE_OBJC_ARC = YES;
				CLANG_ENABLE_OBJC_WEAK = YES;
				CLANG_WARN_BLOCK_CAPTURE_AUTORELEASING = YES;
				CLANG_WARN_BOOL_CONVERSION = YES;
				CLANG_WARN_COMMA = YES;
				CLANG_WARN_CONSTANT_CONVERSION = YES;
				CLANG_WARN_DEPRECATED_OBJC_IMPLEMENTATIONS = YES;
				CLANG_WARN_DIRECT_OBJC_ISA_USAGE = YES_ERROR;
				CLANG_WARN_DOCUMENTATION_COMMENTS = YES;
				CLANG_WARN_EMPTY_BODY = YES;
				CLANG_WARN_ENUM_CONVERSION = YES;
				CLANG_WARN_INFINITE_RECURSION = YES;
				CLANG_WARN_INT_CONVERSION = YES;
				CLANG_WARN_NON_LITERAL_NULL_CONVERSION = YES;
				CLANG_WARN_OBJC_IMPLICIT_RETAIN_SELF = YES;
				CLANG_WARN_OBJC_LITERAL_CONVERSION = YES;
				CLANG_WARN_OBJC_ROOT_CLASS = YES_ERROR;
				CLANG_WARN_QUOTED_INCLUDE_IN_FRAMEWORK_HEADER = YES;
				CLANG_WARN_RANGE_LOOP_ANALYSIS = YES;
				CLANG_WARN_STRICT_PROTOTYPES = YES;
				CLANG_WARN_SUSPICIOUS_MOVE = YES;
				CLANG_WARN_UNGUARDED_AVAILABILITY = YES_AGGRESSIVE;
				CLANG_WARN_UNREACHABLE_CODE = YES;
				CLANG_WARN__DUPLICATE_METHOD_MATCH = YES;
				COPY_PHASE_STRIP = NO;
				DEBUG_INFORMATION_FORMAT = "dwarf-with-dsym";
				ENABLE_NS_ASSERTIONS = NO;
				ENABLE_STRICT_OBJC_MSGSEND = YES;
				ENABLE_USER_SCRIPT_SANDBOXING = YES;
				GCC_C_LANGUAGE_STANDARD = gnu17;
				GCC_NO_COMMON_BLOCKS = YES;
				GCC_WARN_64_TO_32_BIT_CONVERSION = YES;
				GCC_WARN_ABOUT_RETURN_TYPE = YES_ERROR;
				GCC_WARN_UNDECLARED_SELECTOR = YES;
				GCC_WARN_UNINITIALIZED_AUTOS = YES_AGGRESSIVE;
				GCC_WARN_UNUSED_FUNCTION = YES;
				GCC_WARN_UNUSED_VARIABLE = YES;
				IPHONEOS_DEPLOYMENT_TARGET = 17.4;
				LOCALIZATION_PREFERS_STRING_CATALOGS = YES;
				MTL_ENABLE_DEBUG_INFO = NO;
				MTL_FAST_MATH = YES;
				SDKROOT = iphoneos;
				SWIFT_COMPILATION_MODE = wholemodule;
				VALIDATE_PRODUCT = YES;
			};
			name = Release;
		};
		CEB7CF6E2BCE2CE40038BD60 /* Debug */ = {
			isa = XCBuildConfiguration;
			buildSettings = {
				ASSETCATALOG_COMPILER_APPICON_NAME = AppIcon;
				ASSETCATALOG_COMPILER_GLOBAL_ACCENT_COLOR_NAME = AccentColor;
				CODE_SIGN_STYLE = Automatic;
				CURRENT_PROJECT_VERSION = 1;
				DEVELOPMENT_ASSET_PATHS = "\"FoodApp/Preview Content\"";
				ENABLE_PREVIEWS = YES;
				GENERATE_INFOPLIST_FILE = YES;
				INFOPLIST_KEY_UIApplicationSceneManifest_Generation = YES;
				INFOPLIST_KEY_UIApplicationSupportsIndirectInputEvents = YES;
				INFOPLIST_KEY_UILaunchScreen_Generation = YES;
				INFOPLIST_KEY_UISupportedInterfaceOrientations_iPad = "UIInterfaceOrientationPortrait UIInterfaceOrientationPortraitUpsideDown UIInterfaceOrientationLandscapeLeft UIInterfaceOrientationLandscapeRight";
				INFOPLIST_KEY_UISupportedInterfaceOrientations_iPhone = "UIInterfaceOrientationPortrait UIInterfaceOrientationLandscapeLeft UIInterfaceOrientationLandscapeRight";
				LD_RUNPATH_SEARCH_PATHS = (
					"$(inherited)",
					"@executable_path/Frameworks",
				);
				MARKETING_VERSION = 1.0;
				PRODUCT_BUNDLE_IDENTIFIER = com.iswift.FoodApp;
				PRODUCT_NAME = "$(TARGET_NAME)";
				SWIFT_EMIT_LOC_STRINGS = YES;
				SWIFT_VERSION = 5.0;
				TARGETED_DEVICE_FAMILY = "1,2";
			};
			name = Debug;
		};
		CEB7CF6F2BCE2CE40038BD60 /* Release */ = {
			isa = XCBuildConfiguration;
			buildSettings = {
				ASSETCATALOG_COMPILER_APPICON_NAME = AppIcon;
				ASSETCATALOG_COMPILER_GLOBAL_ACCENT_COLOR_NAME = AccentColor;
				CODE_SIGN_STYLE = Automatic;
				CURRENT_PROJECT_VERSION = 1;
				DEVELOPMENT_ASSET_PATHS = "\"FoodApp/Preview Content\"";
				ENABLE_PREVIEWS = YES;
				GENERATE_INFOPLIST_FILE = YES;
				INFOPLIST_KEY_UIApplicationSceneManifest_Generation = YES;
				INFOPLIST_KEY_UIApplicationSupportsIndirectInputEvents = YES;
				INFOPLIST_KEY_UILaunchScreen_Generation = YES;
				INFOPLIST_KEY_UISupportedInterfaceOrientations_iPad = "UIInterfaceOrientationPortrait UIInterfaceOrientationPortraitUpsideDown UIInterfaceOrientationLandscapeLeft UIInterfaceOrientationLandscapeRight";
				INFOPLIST_KEY_UISupportedInterfaceOrientations_iPhone = "UIInterfaceOrientationPortrait UIInterfaceOrientationLandscapeLeft UIInterfaceOrientationLandscapeRight";
				LD_RUNPATH_SEARCH_PATHS = (
					"$(inherited)",
					"@executable_path/Frameworks",
				);
				MARKETING_VERSION = 1.0;
				PRODUCT_BUNDLE_IDENTIFIER = com.iswift.FoodApp;
				PRODUCT_NAME = "$(TARGET_NAME)";
				SWIFT_EMIT_LOC_STRINGS = YES;
				SWIFT_VERSION = 5.0;
				TARGETED_DEVICE_FAMILY = "1,2";
			};
			name = Release;
		};
/* End XCBuildConfiguration section */

/* Begin XCConfigurationList section */
		CEB7CF5A2BCE2CE30038BD60 /* Build configuration list for PBXProject "FoodApp" */ = {
			isa = XCConfigurationList;
			buildConfigurations = (
				CEB7CF6B2BCE2CE40038BD60 /* Debug */,
				CEB7CF6C2BCE2CE40038BD60 /* Release */,
			);
			defaultConfigurationIsVisible = 0;
			defaultConfigurationName = Release;
		};
		CEB7CF6D2BCE2CE40038BD60 /* Build configuration list for PBXNativeTarget "FoodApp" */ = {
			isa = XCConfigurationList;
			buildConfigurations = (
				CEB7CF6E2BCE2CE40038BD60 /* Debug */,
				CEB7CF6F2BCE2CE40038BD60 /* Release */,
			);
			defaultConfigurationIsVisible = 0;
			defaultConfigurationName = Release;
		};
/* End XCConfigurationList section */
	};
	rootObject = CEB7CF572BCE2CE30038BD60 /* Project object */;
}
